
Microsoft Visual Studio Solution File, Format Version 12.00
# Visual Studio Version 16
VisualStudioVersion = 16.0.30523.141
MinimumVisualStudioVersion = 10.0.40219.1
Project("{FAE04EC0-301F-11D3-BF4B-00C04F79EFBC}") = "Newspaper", "Newspaper\Newspaper.csproj", "{95EB0BE1-1193-4D2A-B65D-E65334285DC5}"
EndProject
Global
	GlobalSection(SolutionConfigurationPlatforms) = preSolution
		Debug|Any CPU = Debug|Any CPU
		Release|Any CPU = Release|Any CPU
	EndGlobalSection
	GlobalSection(ProjectConfigurationPlatforms) = postSolution
		{95EB0BE1-1193-4D2A-B65D-E65334285DC5}.Debug|Any CPU.ActiveCfg = Debug|Any CPU
		{95EB0BE1-1193-4D2A-B65D-E65334285DC5}.Debug|Any CPU.Build.0 = Debug|Any CPU
		{95EB0BE1-1193-4D2A-B65D-E65334285DC5}.Release|Any CPU.ActiveCfg = Release|Any CPU
		{95EB0BE1-1193-4D2A-B65D-E65334285DC5}.Release|Any CPU.Build.0 = Release|Any CPU
	EndGlobalSection
	GlobalSection(SolutionProperties) = preSolution
		HideSolutionNode = FALSE
	EndGlobalSection
	GlobalSection(ExtensibilityGlobals) = postSolution
		SolutionGuid = {F4EDFEF9-E3AA-472F-BE5D-103FEA884513}
	EndGlobalSection
EndGlobal
